{
  "version": 4,
  "terraform_version": "1.3.7",
  "serial": 6,
  "lineage": "593f45e6-6ac6-4e43-1ce6-841c82d354d6",
  "outputs": {},
  "resources": [
    {
      "mode": "managed",
      "type": "google_bigquery_dataset",
      "name": "default",
      "provider": "provider[\"registry.terraform.io/hashicorp/google\"]",
      "instances": [
        {
          "schema_version": 0,
          "attributes": {
            "access": [
              {
                "dataset": [],
                "domain": "",
                "group_by_email": "",
                "role": "OWNER",
                "routine": [],
                "special_group": "",
                "user_by_email": "tyayers@google.com",
                "view": []
              },
              {
                "dataset": [],
                "domain": "",
                "group_by_email": "",
                "role": "OWNER",
                "routine": [],
                "special_group": "projectOwners",
                "user_by_email": "",
                "view": []
              },
              {
                "dataset": [],
                "domain": "",
                "group_by_email": "",
                "role": "READER",
                "routine": [],
                "special_group": "projectReaders",
                "user_by_email": "",
                "view": []
              },
              {
                "dataset": [],
                "domain": "",
                "group_by_email": "",
                "role": "WRITER",
                "routine": [],
                "special_group": "projectWriters",
                "user_by_email": "",
                "view": []
              }
            ],
            "creation_time": 1674812076543,
            "dataset_id": "trends_dataset",
            "default_encryption_configuration": [],
            "default_partition_expiration_ms": 0,
            "default_table_expiration_ms": 3600000,
            "delete_contents_on_destroy": false,
            "description": "This is a dataset for collecting trends data.",
            "etag": "pjk7qicbUvU2ZPexPL9Xbg==",
            "friendly_name": "trends-dataset",
            "id": "projects/cloud32x/datasets/trends_dataset",
            "labels": {
              "env": "default"
            },
            "last_modified_time": 1674812076543,
            "location": "EU",
            "max_time_travel_hours": "",
            "project": "cloud32x",
            "self_link": "https://bigquery.googleapis.com/bigquery/v2/projects/cloud32x/datasets/trends_dataset",
            "timeouts": null
          },
          "sensitive_attributes": [],
          "private": "eyJlMmJmYjczMC1lY2FhLTExZTYtOGY4OC0zNDM2M2JjN2M0YzAiOnsiY3JlYXRlIjoxMjAwMDAwMDAwMDAwLCJkZWxldGUiOjEyMDAwMDAwMDAwMDAsInVwZGF0ZSI6MTIwMDAwMDAwMDAwMH19"
        }
      ]
    },
    {
      "mode": "managed",
      "type": "google_bigquery_table",
      "name": "default",
      "provider": "provider[\"registry.terraform.io/hashicorp/google\"]",
      "instances": [
        {
          "schema_version": 0,
          "attributes": {
            "clustering": null,
            "creation_time": 1674812127504,
            "dataset_id": "trends_dataset",
            "deletion_protection": true,
            "description": "",
            "encryption_configuration": [],
            "etag": "uaiDx6r/M0Ylw4TUCv/uzQ==",
            "expiration_time": 1674815727504,
            "external_data_configuration": [],
            "friendly_name": "",
            "id": "projects/cloud32x/datasets/trends_dataset/tables/trends",
            "labels": {
              "env": "default"
            },
            "last_modified_time": 1674812127573,
            "location": "EU",
            "materialized_view": [],
            "num_bytes": 0,
            "num_long_term_bytes": 0,
            "num_rows": 0,
            "project": "cloud32x",
            "range_partitioning": [],
            "schema": "[{\"description\":\"The trends search term.\",\"mode\":\"REQUIRED\",\"name\":\"geo\",\"type\":\"STRING\"},{\"description\":\"The geo of the search trend value.\",\"mode\":\"REQUIRED\",\"name\":\"name\",\"type\":\"STRING\"},{\"description\":\"The date of the trends search.\",\"mode\":\"REQUIRED\",\"name\":\"date\",\"type\":\"DATE\"},{\"description\":\"The score of the term on the date.\",\"mode\":\"REQUIRED\",\"name\":\"score\",\"type\":\"INTEGER\"}]",
            "self_link": "https://bigquery.googleapis.com/bigquery/v2/projects/cloud32x/datasets/trends_dataset/tables/trends",
            "table_id": "trends",
            "time_partitioning": [
              {
                "expiration_ms": 0,
                "field": "",
                "require_partition_filter": false,
                "type": "DAY"
              }
            ],
            "type": "TABLE",
            "view": []
          },
          "sensitive_attributes": [],
          "private": "bnVsbA==",
          "dependencies": [
            "google_bigquery_dataset.default"
          ]
        }
      ]
    }
  ],
  "check_results": null
}
